// !$*UTF8*$!
{
	archiveVersion = 1;
	classes = {
	};
	objectVersion = 55;
	objects = {

/* Begin PBXBuildFile section */
		514576612FD69DF9765B40C5 /* Pods_Messenger.framework in Frameworks */ = {isa = PBXBuildFile; fileRef = 5FD8D1BC582955213021CA9F /* Pods_Messenger.framework */; };
		604D0A9827FFF59A00562873 /* Extension.swift in Sources */ = {isa = PBXBuildFile; fileRef = 604D0A9727FFF59A00562873 /* Extension.swift */; };
		605B7DF728026ABA00DC5D46 /* DatabaseManager.swift in Sources */ = {isa = PBXBuildFile; fileRef = 605B7DF628026AB900DC5D46 /* DatabaseManager.swift */; };
		60A618BC27FED08D009FB367 /* NewConversationViewController.swift in Sources */ = {isa = PBXBuildFile; fileRef = 60A618BB27FED08D009FB367 /* NewConversationViewController.swift */; };
		60A618BE27FED0BC009FB367 /* ProfileViewController.swift in Sources */ = {isa = PBXBuildFile; fileRef = 60A618BD27FED0BC009FB367 /* ProfileViewController.swift */; };
		60D0FE23280246B3008297C4 /* GoogleService-Info.plist in Resources */ = {isa = PBXBuildFile; fileRef = 60D0FE22280246B3008297C4 /* GoogleService-Info.plist */; };
		60D68C6027FEADDE00BD35E1 /* LoginViewController.swift in Sources */ = {isa = PBXBuildFile; fileRef = 60D68C5F27FEADDE00BD35E1 /* LoginViewController.swift */; };
		60D68C6227FEADFD00BD35E1 /* RegisterViewController.swift in Sources */ = {isa = PBXBuildFile; fileRef = 60D68C6127FEADFD00BD35E1 /* RegisterViewController.swift */; };
		60D68C6427FEAE2E00BD35E1 /* PhotoViewerViewController.swift in Sources */ = {isa = PBXBuildFile; fileRef = 60D68C6327FEAE2E00BD35E1 /* PhotoViewerViewController.swift */; };
		60D68C6627FEAE4E00BD35E1 /* VideoPlayViewController.swift in Sources */ = {isa = PBXBuildFile; fileRef = 60D68C6527FEAE4E00BD35E1 /* VideoPlayViewController.swift */; };
		60E54E6927FE960A0079FE89 /* AppDelegate.swift in Sources */ = {isa = PBXBuildFile; fileRef = 60E54E6827FE960A0079FE89 /* AppDelegate.swift */; };
		60E54E6B27FE960A0079FE89 /* SceneDelegate.swift in Sources */ = {isa = PBXBuildFile; fileRef = 60E54E6A27FE960A0079FE89 /* SceneDelegate.swift */; };
		60E54E6D27FE960A0079FE89 /* ConversationsViewController.swift in Sources */ = {isa = PBXBuildFile; fileRef = 60E54E6C27FE960A0079FE89 /* ConversationsViewController.swift */; };
		60E54E7027FE960A0079FE89 /* Main.storyboard in Resources */ = {isa = PBXBuildFile; fileRef = 60E54E6E27FE960A0079FE89 /* Main.storyboard */; };
		60E54E7227FE960E0079FE89 /* Assets.xcassets in Resources */ = {isa = PBXBuildFile; fileRef = 60E54E7127FE960E0079FE89 /* Assets.xcassets */; };
		60E54E7527FE960E0079FE89 /* LaunchScreen.storyboard in Resources */ = {isa = PBXBuildFile; fileRef = 60E54E7327FE960E0079FE89 /* LaunchScreen.storyboard */; };
/* End PBXBuildFile section */

/* Begin PBXFileReference section */
		5B6805202553FD521C4DCDB1 /* Pods-Messenger.release.xcconfig */ = {isa = PBXFileReference; includeInIndex = 1; lastKnownFileType = text.xcconfig; name = "Pods-Messenger.release.xcconfig"; path = "Target Support Files/Pods-Messenger/Pods-Messenger.release.xcconfig"; sourceTree = "<group>"; };
		5FD8D1BC582955213021CA9F /* Pods_Messenger.framework */ = {isa = PBXFileReference; explicitFileType = wrapper.framework; includeInIndex = 0; path = Pods_Messenger.framework; sourceTree = BUILT_PRODUCTS_DIR; };
		604D0A9727FFF59A00562873 /* Extension.swift */ = {isa = PBXFileReference; lastKnownFileType = sourcecode.swift; path = Extension.swift; sourceTree = "<group>"; };
		605B7DF628026AB900DC5D46 /* DatabaseManager.swift */ = {isa = PBXFileReference; lastKnownFileType = sourcecode.swift; path = DatabaseManager.swift; sourceTree = "<group>"; };
		60A618BB27FED08D009FB367 /* NewConversationViewController.swift */ = {isa = PBXFileReference; lastKnownFileType = sourcecode.swift; path = NewConversationViewController.swift; sourceTree = "<group>"; };
		60A618BD27FED0BC009FB367 /* ProfileViewController.swift */ = {isa = PBXFileReference; lastKnownFileType = sourcecode.swift; path = ProfileViewController.swift; sourceTree = "<group>"; };
		60D0FE22280246B3008297C4 /* GoogleService-Info.plist */ = {isa = PBXFileReference; fileEncoding = 4; lastKnownFileType = text.plist.xml; path = "GoogleService-Info.plist"; sourceTree = "<group>"; };
		60D68C5F27FEADDE00BD35E1 /* LoginViewController.swift */ = {isa = PBXFileReference; lastKnownFileType = sourcecode.swift; path = LoginViewController.swift; sourceTree = "<group>"; };
		60D68C6127FEADFD00BD35E1 /* RegisterViewController.swift */ = {isa = PBXFileReference; lastKnownFileType = sourcecode.swift; path = RegisterViewController.swift; sourceTree = "<group>"; };
		60D68C6327FEAE2E00BD35E1 /* PhotoViewerViewController.swift */ = {isa = PBXFileReference; lastKnownFileType = sourcecode.swift; path = PhotoViewerViewController.swift; sourceTree = "<group>"; };
		60D68C6527FEAE4E00BD35E1 /* VideoPlayViewController.swift */ = {isa = PBXFileReference; lastKnownFileType = sourcecode.swift; path = VideoPlayViewController.swift; sourceTree = "<group>"; };
		60E54E6527FE960A0079FE89 /* Messenger.app */ = {isa = PBXFileReference; explicitFileType = wrapper.application; includeInIndex = 0; path = Messenger.app; sourceTree = BUILT_PRODUCTS_DIR; };
		60E54E6827FE960A0079FE89 /* AppDelegate.swift */ = {isa = PBXFileReference; lastKnownFileType = sourcecode.swift; path = AppDelegate.swift; sourceTree = "<group>"; };
		60E54E6A27FE960A0079FE89 /* SceneDelegate.swift */ = {isa = PBXFileReference; lastKnownFileType = sourcecode.swift; path = SceneDelegate.swift; sourceTree = "<group>"; };
		60E54E6C27FE960A0079FE89 /* ConversationsViewController.swift */ = {isa = PBXFileReference; lastKnownFileType = sourcecode.swift; path = ConversationsViewController.swift; sourceTree = "<group>"; };
		60E54E6F27FE960A0079FE89 /* Base */ = {isa = PBXFileReference; lastKnownFileType = file.storyboard; name = Base; path = Base.lproj/Main.storyboard; sourceTree = "<group>"; };
		60E54E7127FE960E0079FE89 /* Assets.xcassets */ = {isa = PBXFileReference; lastKnownFileType = folder.assetcatalog; path = Assets.xcassets; sourceTree = "<group>"; };
		60E54E7427FE960E0079FE89 /* Base */ = {isa = PBXFileReference; lastKnownFileType = file.storyboard; name = Base; path = Base.lproj/LaunchScreen.storyboard; sourceTree = "<group>"; };
		60E54E7627FE960E0079FE89 /* Info.plist */ = {isa = PBXFileReference; lastKnownFileType = text.plist.xml; path = Info.plist; sourceTree = "<group>"; };
		BD0BE3EB7C69BBFCFE58C315 /* Pods-Messenger.debug.xcconfig */ = {isa = PBXFileReference; includeInIndex = 1; lastKnownFileType = text.xcconfig; name = "Pods-Messenger.debug.xcconfig"; path = "Target Support Files/Pods-Messenger/Pods-Messenger.debug.xcconfig"; sourceTree = "<group>"; };
/* End PBXFileReference section */

/* Begin PBXFrameworksBuildPhase section */
		60E54E6227FE960A0079FE89 /* Frameworks */ = {
			isa = PBXFrameworksBuildPhase;
			buildActionMask = 2147483647;
			files = (
				514576612FD69DF9765B40C5 /* Pods_Messenger.framework in Frameworks */,
			);
			runOnlyForDeploymentPostprocessing = 0;
		};
/* End PBXFrameworksBuildPhase section */

/* Begin PBXGroup section */
		60A618BF27FED20A009FB367 /* Login */ = {
			isa = PBXGroup;
			children = (
				60D68C6127FEADFD00BD35E1 /* RegisterViewController.swift */,
				60D68C5F27FEADDE00BD35E1 /* LoginViewController.swift */,
			);
			path = Login;
			sourceTree = "<group>";
		};
		60D68C5927FEAB3700BD35E1 /* Controllers */ = {
			isa = PBXGroup;
			children = (
				60E54E6C27FE960A0079FE89 /* ConversationsViewController.swift */,
				60A618BF27FED20A009FB367 /* Login */,
				60D68C6327FEAE2E00BD35E1 /* PhotoViewerViewController.swift */,
				60D68C6527FEAE4E00BD35E1 /* VideoPlayViewController.swift */,
				60A618BB27FED08D009FB367 /* NewConversationViewController.swift */,
				60A618BD27FED0BC009FB367 /* ProfileViewController.swift */,
			);
			path = Controllers;
			sourceTree = "<group>";
		};
		60D68C5A27FEAB4B00BD35E1 /* Views */ = {
			isa = PBXGroup;
			children = (
				60D68C5E27FEABD200BD35E1 /* Storyboards */,
				60E54E7127FE960E0079FE89 /* Assets.xcassets */,
			);
			path = Views;
			sourceTree = "<group>";
		};
		60D68C5B27FEAB5B00BD35E1 /* Models */ = {
			isa = PBXGroup;
			children = (
			);
			path = Models;
			sourceTree = "<group>";
		};
		60D68C5C27FEAB6900BD35E1 /* ViewModels */ = {
			isa = PBXGroup;
			children = (
			);
			path = ViewModels;
			sourceTree = "<group>";
		};
		60D68C5D27FEAB7C00BD35E1 /* Resources */ = {
			isa = PBXGroup;
			children = (
				60E54E6827FE960A0079FE89 /* AppDelegate.swift */,
				60E54E6A27FE960A0079FE89 /* SceneDelegate.swift */,
				604D0A9727FFF59A00562873 /* Extension.swift */,
				605B7DF628026AB900DC5D46 /* DatabaseManager.swift */,
			);
			path = Resources;
			sourceTree = "<group>";
		};
		60D68C5E27FEABD200BD35E1 /* Storyboards */ = {
			isa = PBXGroup;
			children = (
				60E54E6E27FE960A0079FE89 /* Main.storyboard */,
				60E54E7327FE960E0079FE89 /* LaunchScreen.storyboard */,
			);
			path = Storyboards;
			sourceTree = "<group>";
		};
		60E54E5C27FE960A0079FE89 = {
			isa = PBXGroup;
			children = (
				60E54E6727FE960A0079FE89 /* Messenger */,
				60E54E6627FE960A0079FE89 /* Products */,
				D69CE41F918C00EB0F4F0853 /* Pods */,
				B072EBB7D9C32DB07421B2F1 /* Frameworks */,
			);
			sourceTree = "<group>";
		};
		60E54E6627FE960A0079FE89 /* Products */ = {
			isa = PBXGroup;
			children = (
				60E54E6527FE960A0079FE89 /* Messenger.app */,
			);
			name = Products;
			sourceTree = "<group>";
		};
		60E54E6727FE960A0079FE89 /* Messenger */ = {
			isa = PBXGroup;
			children = (
				60D0FE22280246B3008297C4 /* GoogleService-Info.plist */,
				60D68C5D27FEAB7C00BD35E1 /* Resources */,
				60D68C5C27FEAB6900BD35E1 /* ViewModels */,
				60D68C5B27FEAB5B00BD35E1 /* Models */,
				60D68C5A27FEAB4B00BD35E1 /* Views */,
				60D68C5927FEAB3700BD35E1 /* Controllers */,
				60E54E7627FE960E0079FE89 /* Info.plist */,
			);
			path = Messenger;
			sourceTree = "<group>";
		};
		B072EBB7D9C32DB07421B2F1 /* Frameworks */ = {
			isa = PBXGroup;
			children = (
				5FD8D1BC582955213021CA9F /* Pods_Messenger.framework */,
			);
			name = Frameworks;
			sourceTree = "<group>";
		};
		D69CE41F918C00EB0F4F0853 /* Pods */ = {
			isa = PBXGroup;
			children = (
				BD0BE3EB7C69BBFCFE58C315 /* Pods-Messenger.debug.xcconfig */,
				5B6805202553FD521C4DCDB1 /* Pods-Messenger.release.xcconfig */,
			);
			path = Pods;
			sourceTree = "<group>";
		};
/* End PBXGroup section */

/* Begin PBXNativeTarget section */
		60E54E6427FE960A0079FE89 /* Messenger */ = {
			isa = PBXNativeTarget;
			buildConfigurationList = 60E54E7927FE960E0079FE89 /* Build configuration list for PBXNativeTarget "Messenger" */;
			buildPhases = (
				CF7356A2697F8A6FD9D3E9ED /* [CP] Check Pods Manifest.lock */,
				60E54E6127FE960A0079FE89 /* Sources */,
				60E54E6227FE960A0079FE89 /* Frameworks */,
				60E54E6327FE960A0079FE89 /* Resources */,
				2AD6A65CDA59B2457D7228B5 /* [CP] Embed Pods Frameworks */,
			);
			buildRules = (
			);
			dependencies = (
			);
			name = Messenger;
			productName = Messenger;
			productReference = 60E54E6527FE960A0079FE89 /* Messenger.app */;
			productType = "com.apple.product-type.application";
		};
/* End PBXNativeTarget section */

/* Begin PBXProject section */
		60E54E5D27FE960A0079FE89 /* Project object */ = {
			isa = PBXProject;
			attributes = {
				BuildIndependentTargetsInParallel = 1;
				LastSwiftUpdateCheck = 1330;
				LastUpgradeCheck = 1330;
				TargetAttributes = {
					60E54E6427FE960A0079FE89 = {
						CreatedOnToolsVersion = 13.3;
					};
				};
			};
			buildConfigurationList = 60E54E6027FE960A0079FE89 /* Build configuration list for PBXProject "Messenger" */;
			compatibilityVersion = "Xcode 13.0";
			developmentRegion = en;
			hasScannedForEncodings = 0;
			knownRegions = (
				en,
				Base,
			);
			mainGroup = 60E54E5C27FE960A0079FE89;
			productRefGroup = 60E54E6627FE960A0079FE89 /* Products */;
			projectDirPath = "";
			projectRoot = "";
			targets = (
				60E54E6427FE960A0079FE89 /* Messenger */,
			);
		};
/* End PBXProject section */

/* Begin PBXResourcesBuildPhase section */
		60E54E6327FE960A0079FE89 /* Resources */ = {
			isa = PBXResourcesBuildPhase;
			buildActionMask = 2147483647;
			files = (
				60E54E7527FE960E0079FE89 /* LaunchScreen.storyboard in Resources */,
				60D0FE23280246B3008297C4 /* GoogleService-Info.plist in Resources */,
				60E54E7227FE960E0079FE89 /* Assets.xcassets in Resources */,
				60E54E7027FE960A0079FE89 /* Main.storyboard in Resources */,
			);
			runOnlyForDeploymentPostprocessing = 0;
		};
/* End PBXResourcesBuildPhase section */

/* Begin PBXShellScriptBuildPhase section */
		2AD6A65CDA59B2457D7228B5 /* [CP] Embed Pods Frameworks */ = {
			isa = PBXShellScriptBuildPhase;
			buildActionMask = 2147483647;
			files = (
			);
			inputFileListPaths = (
				"${PODS_ROOT}/Target Support Files/Pods-Messenger/Pods-Messenger-frameworks-${CONFIGURATION}-input-files.xcfilelist",
			);
			name = "[CP] Embed Pods Frameworks";
			outputFileListPaths = (
				"${PODS_ROOT}/Target Support Files/Pods-Messenger/Pods-Messenger-frameworks-${CONFIGURATION}-output-files.xcfilelist",
			);
			runOnlyForDeploymentPostprocessing = 0;
			shellPath = /bin/sh;
			shellScript = "\"${PODS_ROOT}/Target Support Files/Pods-Messenger/Pods-Messenger-frameworks.sh\"\n";
			showEnvVarsInLog = 0;
		};
		CF7356A2697F8A6FD9D3E9ED /* [CP] Check Pods Manifest.lock */ = {
			isa = PBXShellScriptBuildPhase;
			buildActionMask = 2147483647;
			files = (
			);
			inputFileListPaths = (
			);
			inputPaths = (
				"${PODS_PODFILE_DIR_PATH}/Podfile.lock",
				"${PODS_ROOT}/Manifest.lock",
			);
			name = "[CP] Check Pods Manifest.lock";
			outputFileListPaths = (
			);
			outputPaths = (
				"$(DERIVED_FILE_DIR)/Pods-Messenger-checkManifestLockResult.txt",
			);
			runOnlyForDeploymentPostprocessing = 0;
			shellPath = /bin/sh;
			shellScript = "diff \"${PODS_PODFILE_DIR_PATH}/Podfile.lock\" \"${PODS_ROOT}/Manifest.lock\" > /dev/null\nif [ $? != 0 ] ; then\n    # print error to STDERR\n    echo \"error: The sandbox is not in sync with the Podfile.lock. Run 'pod install' or update your CocoaPods installation.\" >&2\n    exit 1\nfi\n# This output is used by Xcode 'outputs' to avoid re-running this script phase.\necho \"SUCCESS\" > \"${SCRIPT_OUTPUT_FILE_0}\"\n";
			showEnvVarsInLog = 0;
		};
/* End PBXShellScriptBuildPhase section */

/* Begin PBXSourcesBuildPhase section */
		60E54E6127FE960A0079FE89 /* Sources */ = {
			isa = PBXSourcesBuildPhase;
			buildActionMask = 2147483647;
			files = (
				60D68C6027FEADDE00BD35E1 /* LoginViewController.swift in Sources */,
				605B7DF728026ABA00DC5D46 /* DatabaseManager.swift in Sources */,
				60D68C6627FEAE4E00BD35E1 /* VideoPlayViewController.swift in Sources */,
				60A618BC27FED08D009FB367 /* NewConversationViewController.swift in Sources */,
				60D68C6227FEADFD00BD35E1 /* RegisterViewController.swift in Sources */,
				60E54E6D27FE960A0079FE89 /* ConversationsViewController.swift in Sources */,
				604D0A9827FFF59A00562873 /* Extension.swift in Sources */,
				60E54E6927FE960A0079FE89 /* AppDelegate.swift in Sources */,
				60A618BE27FED0BC009FB367 /* ProfileViewController.swift in Sources */,
				60E54E6B27FE960A0079FE89 /* SceneDelegate.swift in Sources */,
				60D68C6427FEAE2E00BD35E1 /* PhotoViewerViewController.swift in Sources */,
			);
			runOnlyForDeploymentPostprocessing = 0;
		};
/* End PBXSourcesBuildPhase section */

/* Begin PBXVariantGroup section */
		60E54E6E27FE960A0079FE89 /* Main.storyboard */ = {
			isa = PBXVariantGroup;
			children = (
				60E54E6F27FE960A0079FE89 /* Base */,
			);
			name = Main.storyboard;
			sourceTree = "<group>";
		};
		60E54E7327FE960E0079FE89 /* LaunchScreen.storyboard */ = {
			isa = PBXVariantGroup;
			children = (
				60E54E7427FE960E0079FE89 /* Base */,
			);
			name = LaunchScreen.storyboard;
			sourceTree = "<group>";
		};
/* End PBXVariantGroup section */

/* Begin XCBuildConfiguration section */
		60E54E7727FE960E0079FE89 /* Debug */ = {
			isa = XCBuildConfiguration;
			buildSettings = {
				ALWAYS_SEARCH_USER_PATHS = NO;
				CLANG_ANALYZER_NONNULL = YES;
				CLANG_ANALYZER_NUMBER_OBJECT_CONVERSION = YES_AGGRESSIVE;
				CLANG_CXX_LANGUAGE_STANDARD = "gnu++17";
				CLANG_ENABLE_MODULES = YES;
				CLANG_ENABLE_OBJC_ARC = YES;
				CLANG_ENABLE_OBJC_WEAK = YES;
				CLANG_WARN_BLOCK_CAPTURE_AUTORELEASING = YES;
				CLANG_WARN_BOOL_CONVERSION = YES;
				CLANG_WARN_COMMA = YES;
				CLANG_WARN_CONSTANT_CONVERSION = YES;
				CLANG_WARN_DEPRECATED_OBJC_IMPLEMENTATIONS = YES;
				CLANG_WARN_DIRECT_OBJC_ISA_USAGE = YES_ERROR;
				CLANG_WARN_DOCUMENTATION_COMMENTS = YES;
				CLANG_WARN_EMPTY_BODY = YES;
				CLANG_WARN_ENUM_CONVERSION = YES;
				CLANG_WARN_INFINITE_RECURSION = YES;
				CLANG_WARN_INT_CONVERSION = YES;
				CLANG_WARN_NON_LITERAL_NULL_CONVERSION = YES;
				CLANG_WARN_OBJC_IMPLICIT_RETAIN_SELF = YES;
				CLANG_WARN_OBJC_LITERAL_CONVERSION = YES;
				CLANG_WARN_OBJC_ROOT_CLASS = YES_ERROR;
				CLANG_WARN_QUOTED_INCLUDE_IN_FRAMEWORK_HEADER = YES;
				CLANG_WARN_RANGE_LOOP_ANALYSIS = YES;
				CLANG_WARN_STRICT_PROTOTYPES = YES;
				CLANG_WARN_SUSPICIOUS_MOVE = YES;
				CLANG_WARN_UNGUARDED_AVAILABILITY = YES_AGGRESSIVE;
				CLANG_WARN_UNREACHABLE_CODE = YES;
				CLANG_WARN__DUPLICATE_METHOD_MATCH = YES;
				COPY_PHASE_STRIP = NO;
				DEBUG_INFORMATION_FORMAT = dwarf;
				ENABLE_STRICT_OBJC_MSGSEND = YES;
				ENABLE_TESTABILITY = YES;
				GCC_C_LANGUAGE_STANDARD = gnu11;
				GCC_DYNAMIC_NO_PIC = NO;
				GCC_NO_COMMON_BLOCKS = YES;
				GCC_OPTIMIZATION_LEVEL = 0;
				GCC_PREPROCESSOR_DEFINITIONS = (
					"DEBUG=1",
					"$(inherited)",
				);
				GCC_WARN_64_TO_32_BIT_CONVERSION = YES;
				GCC_WARN_ABOUT_RETURN_TYPE = YES_ERROR;
				GCC_WARN_UNDECLARED_SELECTOR = YES;
				GCC_WARN_UNINITIALIZED_AUTOS = YES_AGGRESSIVE;
				GCC_WARN_UNUSED_FUNCTION = YES;
				GCC_WARN_UNUSED_VARIABLE = YES;
				IPHONEOS_DEPLOYMENT_TARGET = 15.4;
				MTL_ENABLE_DEBUG_INFO = INCLUDE_SOURCE;
				MTL_FAST_MATH = YES;
				ONLY_ACTIVE_ARCH = YES;
				SDKROOT = iphoneos;
				SWIFT_ACTIVE_COMPILATION_CONDITIONS = DEBUG;
				SWIFT_OPTIMIZATION_LEVEL = "-Onone";
			};
			name = Debug;
		};
		60E54E7827FE960E0079FE89 /* Release */ = {
			isa = XCBuildConfiguration;
			buildSettings = {
				ALWAYS_SEARCH_USER_PATHS = NO;
				CLANG_ANALYZER_NONNULL = YES;
				CLANG_ANALYZER_NUMBER_OBJECT_CONVERSION = YES_AGGRESSIVE;
				CLANG_CXX_LANGUAGE_STANDARD = "gnu++17";
				CLANG_ENABLE_MODULES = YES;
				CLANG_ENABLE_OBJC_ARC = YES;
				CLANG_ENABLE_OBJC_WEAK = YES;
				CLANG_WARN_BLOCK_CAPTURE_AUTORELEASING = YES;
				CLANG_WARN_BOOL_CONVERSION = YES;
				CLANG_WARN_COMMA = YES;
				CLANG_WARN_CONSTANT_CONVERSION = YES;
				CLANG_WARN_DEPRECATED_OBJC_IMPLEMENTATIONS = YES;
				CLANG_WARN_DIRECT_OBJC_ISA_USAGE = YES_ERROR;
				CLANG_WARN_DOCUMENTATION_COMMENTS = YES;
				CLANG_WARN_EMPTY_BODY = YES;
				CLANG_WARN_ENUM_CONVERSION = YES;
				CLANG_WARN_INFINITE_RECURSION = YES;
				CLANG_WARN_INT_CONVERSION = YES;
				CLANG_WARN_NON_LITERAL_NULL_CONVERSION = YES;
				CLANG_WARN_OBJC_IMPLICIT_RETAIN_SELF = YES;
				CLANG_WARN_OBJC_LITERAL_CONVERSION = YES;
				CLANG_WARN_OBJC_ROOT_CLASS = YES_ERROR;
				CLANG_WARN_QUOTED_INCLUDE_IN_FRAMEWORK_HEADER = YES;
				CLANG_WARN_RANGE_LOOP_ANALYSIS = YES;
				CLANG_WARN_STRICT_PROTOTYPES = YES;
				CLANG_WARN_SUSPICIOUS_MOVE = YES;
				CLANG_WARN_UNGUARDED_AVAILABILITY = YES_AGGRESSIVE;
				CLANG_WARN_UNREACHABLE_CODE = YES;
				CLANG_WARN__DUPLICATE_METHOD_MATCH = YES;
				COPY_PHASE_STRIP = NO;
				DEBUG_INFORMATION_FORMAT = "dwarf-with-dsym";
				ENABLE_NS_ASSERTIONS = NO;
				ENABLE_STRICT_OBJC_MSGSEND = YES;
				GCC_C_LANGUAGE_STANDARD = gnu11;
				GCC_NO_COMMON_BLOCKS = YES;
				GCC_WARN_64_TO_32_BIT_CONVERSION = YES;
				GCC_WARN_ABOUT_RETURN_TYPE = YES_ERROR;
				GCC_WARN_UNDECLARED_SELECTOR = YES;
				GCC_WARN_UNINITIALIZED_AUTOS = YES_AGGRESSIVE;
				GCC_WARN_UNUSED_FUNCTION = YES;
				GCC_WARN_UNUSED_VARIABLE = YES;
				IPHONEOS_DEPLOYMENT_TARGET = 15.4;
				MTL_ENABLE_DEBUG_INFO = NO;
				MTL_FAST_MATH = YES;
				SDKROOT = iphoneos;
				SWIFT_COMPILATION_MODE = wholemodule;
				SWIFT_OPTIMIZATION_LEVEL = "-O";
				VALIDATE_PRODUCT = YES;
			};
			name = Release;
		};
		60E54E7A27FE960E0079FE89 /* Debug */ = {
			isa = XCBuildConfiguration;
			baseConfigurationReference = BD0BE3EB7C69BBFCFE58C315 /* Pods-Messenger.debug.xcconfig */;
			buildSettings = {
				ASSETCATALOG_COMPILER_APPICON_NAME = AppIcon;
				ASSETCATALOG_COMPILER_GLOBAL_ACCENT_COLOR_NAME = AccentColor;
				CODE_SIGN_STYLE = Automatic;
				CURRENT_PROJECT_VERSION = 1;
				GENERATE_INFOPLIST_FILE = YES;
				INFOPLIST_FILE = Messenger/Info.plist;
				INFOPLIST_KEY_UIApplicationSupportsIndirectInputEvents = YES;
				INFOPLIST_KEY_UILaunchStoryboardName = LaunchScreen;
				INFOPLIST_KEY_UIMainStoryboardFile = Main;
				INFOPLIST_KEY_UISupportedInterfaceOrientations_iPad = "UIInterfaceOrientationPortrait UIInterfaceOrientationPortraitUpsideDown UIInterfaceOrientationLandscapeLeft UIInterfaceOrientationLandscapeRight";
				INFOPLIST_KEY_UISupportedInterfaceOrientations_iPhone = "UIInterfaceOrientationPortrait UIInterfaceOrientationLandscapeLeft UIInterfaceOrientationLandscapeRight";
				LD_RUNPATH_SEARCH_PATHS = (
					"$(inherited)",
					"@executable_path/Frameworks",
				);
				MARKETING_VERSION = 1.0;
				PRODUCT_BUNDLE_IDENTIFIER = mike.chen.Messenger;
				PRODUCT_NAME = "$(TARGET_NAME)";
				SWIFT_EMIT_LOC_STRINGS = YES;
				SWIFT_VERSION = 5.0;
				TARGETED_DEVICE_FAMILY = "1,2";
			};
			name = Debug;
		};
		60E54E7B27FE960E0079FE89 /* Release */ = {
			isa = XCBuildConfiguration;
			baseConfigurationReference = 5B6805202553FD521C4DCDB1 /* Pods-Messenger.release.xcconfig */;
			buildSettings = {
				ASSETCATALOG_COMPILER_APPICON_NAME = AppIcon;
				ASSETCATALOG_COMPILER_GLOBAL_ACCENT_COLOR_NAME = AccentColor;
				CODE_SIGN_STYLE = Automatic;
				CURRENT_PROJECT_VERSION = 1;
				GENERATE_INFOPLIST_FILE = YES;
				INFOPLIST_FILE = Messenger/Info.plist;
				INFOPLIST_KEY_UIApplicationSupportsIndirectInputEvents = YES;
				INFOPLIST_KEY_UILaunchStoryboardName = LaunchScreen;
				INFOPLIST_KEY_UIMainStoryboardFile = Main;
				INFOPLIST_KEY_UISupportedInterfaceOrientations_iPad = "UIInterfaceOrientationPortrait UIInterfaceOrientationPortraitUpsideDown UIInterfaceOrientationLandscapeLeft UIInterfaceOrientationLandscapeRight";
				INFOPLIST_KEY_UISupportedInterfaceOrientations_iPhone = "UIInterfaceOrientationPortrait UIInterfaceOrientationLandscapeLeft UIInterfaceOrientationLandscapeRight";
				LD_RUNPATH_SEARCH_PATHS = (
					"$(inherited)",
					"@executable_path/Frameworks",
				);
				MARKETING_VERSION = 1.0;
				PRODUCT_BUNDLE_IDENTIFIER = mike.chen.Messenger;
				PRODUCT_NAME = "$(TARGET_NAME)";
				SWIFT_EMIT_LOC_STRINGS = YES;
				SWIFT_VERSION = 5.0;
				TARGETED_DEVICE_FAMILY = "1,2";
			};
			name = Release;
		};
/* End XCBuildConfiguration section */

/* Begin XCConfigurationList section */
		60E54E6027FE960A0079FE89 /* Build configuration list for PBXProject "Messenger" */ = {
			isa = XCConfigurationList;
			buildConfigurations = (
				60E54E7727FE960E0079FE89 /* Debug */,
				60E54E7827FE960E0079FE89 /* Release */,
			);
			defaultConfigurationIsVisible = 0;
			defaultConfigurationName = Release;
		};
		60E54E7927FE960E0079FE89 /* Build configuration list for PBXNativeTarget "Messenger" */ = {
			isa = XCConfigurationList;
			buildConfigurations = (
				60E54E7A27FE960E0079FE89 /* Debug */,
				60E54E7B27FE960E0079FE89 /* Release */,
			);
			defaultConfigurationIsVisible = 0;
			defaultConfigurationName = Release;
		};
/* End XCConfigurationList section */
	};
	rootObject = 60E54E5D27FE960A0079FE89 /* Project object */;
}
